PODS:
  - AppAuth (1.4.0):
    - AppAuth/Core (= 1.4.0)
    - AppAuth/ExternalUserAgent (= 1.4.0)
  - AppAuth/Core (1.4.0)
  - AppAuth/ExternalUserAgent (1.4.0)
  - boost-for-react-native (1.63.0)
  - BugsnagReactNative (2.23.6):
    - BugsnagReactNative/Core (= 2.23.6)
    - React
  - BugsnagReactNative/Core (2.23.6):
    - React
  - BVLinearGradient (2.5.6):
    - React
  - DoubleConversion (1.1.6)
  - FBLazyVector (0.61.5)
  - FBReactNativeSpec (0.61.5):
    - Folly (= 2018.10.22.00)
    - RCTRequired (= 0.61.5)
    - RCTTypeSafety (= 0.61.5)
    - React-Core (= 0.61.5)
    - React-jsi (= 0.61.5)
    - ReactCommon/turbomodule/core (= 0.61.5)
  - FBSDKCoreKit (7.1.0):
    - FBSDKCoreKit/Basics (= 7.1.0)
    - FBSDKCoreKit/Core (= 7.1.0)
  - FBSDKCoreKit/Basics (7.1.0)
  - FBSDKCoreKit/Core (7.1.0):
    - FBSDKCoreKit/Basics
  - FBSDKLoginKit (7.1.0):
    - FBSDKLoginKit/Login (= 7.1.0)
  - FBSDKLoginKit/Login (7.1.0):
    - FBSDKCoreKit (~> 7.1.0)
  - FBSDKShareKit (7.1.0):
    - FBSDKShareKit/Share (= 7.1.0)
  - FBSDKShareKit/Share (7.1.0):
    - FBSDKCoreKit (~> 7.1.0)
  - Firebase/Core (6.13.0):
    - Firebase/CoreOnly
    - FirebaseAnalytics (= 6.1.6)
  - Firebase/CoreOnly (6.13.0):
    - FirebaseCore (= 6.4.0)
  - Firebase/Messaging (6.13.0):
    - Firebase/CoreOnly
    - FirebaseMessaging (~> 4.1.9)
  - FirebaseAnalytics (6.1.6):
    - FirebaseCore (~> 6.4)
    - FirebaseInstanceID (~> 4.2)
    - GoogleAppMeasurement (= 6.1.6)
    - GoogleUtilities/AppDelegateSwizzler (~> 6.0)
    - GoogleUtilities/MethodSwizzler (~> 6.0)
    - GoogleUtilities/Network (~> 6.0)
    - "GoogleUtilities/NSData+zlib (~> 6.0)"
    - nanopb (= 0.3.9011)
  - FirebaseAnalyticsInterop (1.5.0)
  - FirebaseCore (6.4.0):
    - FirebaseCoreDiagnostics (~> 1.0)
    - FirebaseCoreDiagnosticsInterop (~> 1.0)
    - GoogleUtilities/Environment (~> 6.2)
    - GoogleUtilities/Logger (~> 6.2)
  - FirebaseCoreDiagnostics (1.2.4):
    - FirebaseCoreDiagnosticsInterop (~> 1.2)
    - GoogleDataTransportCCTSupport (~> 3.0)
    - GoogleUtilities/Environment (~> 6.5)
    - GoogleUtilities/Logger (~> 6.5)
    - nanopb (~> 0.3.901)
  - FirebaseCoreDiagnosticsInterop (1.2.0)
  - FirebaseInstanceID (4.2.7):
    - FirebaseCore (~> 6.0)
    - GoogleUtilities/Environment (~> 6.0)
    - GoogleUtilities/UserDefaults (~> 6.0)
  - FirebaseMessaging (4.1.10):
    - FirebaseAnalyticsInterop (~> 1.3)
    - FirebaseCore (~> 6.2)
    - FirebaseInstanceID (~> 4.1)
    - GoogleUtilities/AppDelegateSwizzler (~> 6.2)
    - GoogleUtilities/Environment (~> 6.2)
    - GoogleUtilities/Reachability (~> 6.2)
    - GoogleUtilities/UserDefaults (~> 6.2)
    - Protobuf (>= 3.9.2, ~> 3.9)
  - Folly (2018.10.22.00):
    - boost-for-react-native
    - DoubleConversion
    - Folly/Default (= 2018.10.22.00)
    - glog
  - Folly/Default (2018.10.22.00):
    - boost-for-react-native
    - DoubleConversion
    - glog
  - glog (0.3.5)
  - Google-Maps-iOS-Utils (2.1.0):
    - Google-Maps-iOS-Utils/Clustering (= 2.1.0)
    - Google-Maps-iOS-Utils/Geometry (= 2.1.0)
    - Google-Maps-iOS-Utils/Heatmap (= 2.1.0)
    - Google-Maps-iOS-Utils/QuadTree (= 2.1.0)
    - GoogleMaps
  - Google-Maps-iOS-Utils/Clustering (2.1.0):
    - Google-Maps-iOS-Utils/QuadTree
    - GoogleMaps
  - Google-Maps-iOS-Utils/Geometry (2.1.0):
    - GoogleMaps
  - Google-Maps-iOS-Utils/Heatmap (2.1.0):
    - Google-Maps-iOS-Utils/QuadTree
    - GoogleMaps
  - Google-Maps-iOS-Utils/QuadTree (2.1.0):
    - GoogleMaps
  - GoogleAppMeasurement (6.1.6):
    - GoogleUtilities/AppDelegateSwizzler (~> 6.0)
    - GoogleUtilities/MethodSwizzler (~> 6.0)
    - GoogleUtilities/Network (~> 6.0)
    - "GoogleUtilities/NSData+zlib (~> 6.0)"
    - nanopb (= 0.3.9011)
  - GoogleDataTransport (6.2.1)
  - GoogleDataTransportCCTSupport (3.0.0):
    - GoogleDataTransport (~> 6.0)
    - nanopb (~> 0.3.901)
  - GoogleMaps (3.2.0):
    - GoogleMaps/Maps (= 3.2.0)
  - GoogleMaps/Base (3.2.0)
  - GoogleMaps/Maps (3.2.0):
    - GoogleMaps/Base
  - GoogleSignIn (5.0.2):
    - AppAuth (~> 1.2)
    - GTMAppAuth (~> 1.0)
    - GTMSessionFetcher/Core (~> 1.1)
  - GoogleUtilities/AppDelegateSwizzler (6.6.0):
    - GoogleUtilities/Environment
    - GoogleUtilities/Logger
    - GoogleUtilities/Network
  - GoogleUtilities/Environment (6.6.0):
    - PromisesObjC (~> 1.2)
  - GoogleUtilities/Logger (6.6.0):
    - GoogleUtilities/Environment
  - GoogleUtilities/MethodSwizzler (6.6.0):
    - GoogleUtilities/Logger
  - GoogleUtilities/Network (6.6.0):
    - GoogleUtilities/Logger
    - "GoogleUtilities/NSData+zlib"
    - GoogleUtilities/Reachability
  - "GoogleUtilities/NSData+zlib (6.6.0)"
  - GoogleUtilities/Reachability (6.6.0):
    - GoogleUtilities/Logger
  - GoogleUtilities/UserDefaults (6.6.0):
    - GoogleUtilities/Logger
  - GTMAppAuth (1.0.0):
    - AppAuth/Core (~> 1.0)
    - GTMSessionFetcher (~> 1.1)
  - GTMSessionFetcher (1.4.0):
    - GTMSessionFetcher/Full (= 1.4.0)
  - GTMSessionFetcher/Core (1.4.0)
  - GTMSessionFetcher/Full (1.4.0):
    - GTMSessionFetcher/Core (= 1.4.0)
  - lottie-ios (3.1.6)
  - lottie-react-native (3.3.2):
    - lottie-ios (~> 3.1.3)
    - React
  - nanopb (0.3.9011):
    - nanopb/decode (= 0.3.9011)
    - nanopb/encode (= 0.3.9011)
  - nanopb/decode (0.3.9011)
  - nanopb/encode (0.3.9011)
  - PromisesObjC (1.2.9)
  - Protobuf (3.12.0)
  - RCTRequired (0.61.5)
  - RCTTypeSafety (0.61.5):
    - FBLazyVector (= 0.61.5)
    - Folly (= 2018.10.22.00)
    - RCTRequired (= 0.61.5)
    - React-Core (= 0.61.5)
  - React (0.61.5):
    - React-Core (= 0.61.5)
    - React-Core/DevSupport (= 0.61.5)
    - React-Core/RCTWebSocket (= 0.61.5)
    - React-RCTActionSheet (= 0.61.5)
    - React-RCTAnimation (= 0.61.5)
    - React-RCTBlob (= 0.61.5)
    - React-RCTImage (= 0.61.5)
    - React-RCTLinking (= 0.61.5)
    - React-RCTNetwork (= 0.61.5)
    - React-RCTSettings (= 0.61.5)
    - React-RCTText (= 0.61.5)
    - React-RCTVibration (= 0.61.5)
  - React-Core (0.61.5):
    - Folly (= 2018.10.22.00)
    - glog
    - React-Core/Default (= 0.61.5)
    - React-cxxreact (= 0.61.5)
    - React-jsi (= 0.61.5)
    - React-jsiexecutor (= 0.61.5)
    - Yoga
  - React-Core/CoreModulesHeaders (0.61.5):
    - Folly (= 2018.10.22.00)
    - glog
    - React-Core/Default
    - React-cxxreact (= 0.61.5)
    - React-jsi (= 0.61.5)
    - React-jsiexecutor (= 0.61.5)
    - Yoga
  - React-Core/Default (0.61.5):
    - Folly (= 2018.10.22.00)
    - glog
    - React-cxxreact (= 0.61.5)
    - React-jsi (= 0.61.5)
    - React-jsiexecutor (= 0.61.5)
    - Yoga
  - React-Core/DevSupport (0.61.5):
    - Folly (= 2018.10.22.00)
    - glog
    - React-Core/Default (= 0.61.5)
    - React-Core/RCTWebSocket (= 0.61.5)
    - React-cxxreact (= 0.61.5)
    - React-jsi (= 0.61.5)
    - React-jsiexecutor (= 0.61.5)
    - React-jsinspector (= 0.61.5)
    - Yoga
  - React-Core/RCTActionSheetHeaders (0.61.5):
    - Folly (= 2018.10.22.00)
    - glog
    - React-Core/Default
    - React-cxxreact (= 0.61.5)
    - React-jsi (= 0.61.5)
    - React-jsiexecutor (= 0.61.5)
    - Yoga
  - React-Core/RCTAnimationHeaders (0.61.5):
    - Folly (= 2018.10.22.00)
    - glog
    - React-Core/Default
    - React-cxxreact (= 0.61.5)
    - React-jsi (= 0.61.5)
    - React-jsiexecutor (= 0.61.5)
    - Yoga
  - React-Core/RCTBlobHeaders (0.61.5):
    - Folly (= 2018.10.22.00)
    - glog
    - React-Core/Default
    - React-cxxreact (= 0.61.5)
    - React-jsi (= 0.61.5)
    - React-jsiexecutor (= 0.61.5)
    - Yoga
  - React-Core/RCTImageHeaders (0.61.5):
    - Folly (= 2018.10.22.00)
    - glog
    - React-Core/Default
    - React-cxxreact (= 0.61.5)
    - React-jsi (= 0.61.5)
    - React-jsiexecutor (= 0.61.5)
    - Yoga
  - React-Core/RCTLinkingHeaders (0.61.5):
    - Folly (= 2018.10.22.00)
    - glog
    - React-Core/Default
    - React-cxxreact (= 0.61.5)
    - React-jsi (= 0.61.5)
    - React-jsiexecutor (= 0.61.5)
    - Yoga
  - React-Core/RCTNetworkHeaders (0.61.5):
    - Folly (= 2018.10.22.00)
    - glog
    - React-Core/Default
    - React-cxxreact (= 0.61.5)
    - React-jsi (= 0.61.5)
    - React-jsiexecutor (= 0.61.5)
    - Yoga
  - React-Core/RCTSettingsHeaders (0.61.5):
    - Folly (= 2018.10.22.00)
    - glog
    - React-Core/Default
    - React-cxxreact (= 0.61.5)
    - React-jsi (= 0.61.5)
    - React-jsiexecutor (= 0.61.5)
    - Yoga
  - React-Core/RCTTextHeaders (0.61.5):
    - Folly (= 2018.10.22.00)
    - glog
    - React-Core/Default
    - React-cxxreact (= 0.61.5)
    - React-jsi (= 0.61.5)
    - React-jsiexecutor (= 0.61.5)
    - Yoga
  - React-Core/RCTVibrationHeaders (0.61.5):
    - Folly (= 2018.10.22.00)
    - glog
    - React-Core/Default
    - React-cxxreact (= 0.61.5)
    - React-jsi (= 0.61.5)
    - React-jsiexecutor (= 0.61.5)
    - Yoga
  - React-Core/RCTWebSocket (0.61.5):
    - Folly (= 2018.10.22.00)
    - glog
    - React-Core/Default (= 0.61.5)
    - React-cxxreact (= 0.61.5)
    - React-jsi (= 0.61.5)
    - React-jsiexecutor (= 0.61.5)
    - Yoga
  - React-CoreModules (0.61.5):
    - FBReactNativeSpec (= 0.61.5)
    - Folly (= 2018.10.22.00)
    - RCTTypeSafety (= 0.61.5)
    - React-Core/CoreModulesHeaders (= 0.61.5)
    - React-RCTImage (= 0.61.5)
    - ReactCommon/turbomodule/core (= 0.61.5)
  - React-cxxreact (0.61.5):
    - boost-for-react-native (= 1.63.0)
    - DoubleConversion
    - Folly (= 2018.10.22.00)
    - glog
    - React-jsinspector (= 0.61.5)
  - React-jsi (0.61.5):
    - boost-for-react-native (= 1.63.0)
    - DoubleConversion
    - Folly (= 2018.10.22.00)
    - glog
    - React-jsi/Default (= 0.61.5)
  - React-jsi/Default (0.61.5):
    - boost-for-react-native (= 1.63.0)
    - DoubleConversion
    - Folly (= 2018.10.22.00)
    - glog
  - React-jsiexecutor (0.61.5):
    - DoubleConversion
    - Folly (= 2018.10.22.00)
    - glog
    - React-cxxreact (= 0.61.5)
    - React-jsi (= 0.61.5)
  - React-jsinspector (0.61.5)
  - react-native-cookies (3.0.0):
    - React
  - react-native-fbsdk (2.0.0):
    - React
    - react-native-fbsdk/Core (= 2.0.0)
    - react-native-fbsdk/Login (= 2.0.0)
    - react-native-fbsdk/Share (= 2.0.0)
  - react-native-fbsdk/Core (2.0.0):
    - FBSDKCoreKit (~> 7.0)
    - React
  - react-native-fbsdk/Login (2.0.0):
    - FBSDKLoginKit (~> 7.0)
    - React
  - react-native-fbsdk/Share (2.0.0):
    - FBSDKShareKit (~> 7.0)
    - React
  - react-native-geolocation (2.0.2):
    - React
  - react-native-google-maps (0.26.1):
    - Google-Maps-iOS-Utils (= 2.1.0)
    - GoogleMaps (= 3.2.0)
    - React
  - react-native-image-picker (0.28.1):
    - React
  - react-native-maps (0.26.1):
    - React
  - react-native-notifications (3.1.2):
    - React
  - react-native-progress-view (1.1.1):
    - React
  - react-native-splash-screen (3.2.0):
    - React
  - react-native-webview (8.1.2):
    - React
  - React-RCTActionSheet (0.61.5):
    - React-Core/RCTActionSheetHeaders (= 0.61.5)
  - React-RCTAnimation (0.61.5):
    - React-Core/RCTAnimationHeaders (= 0.61.5)
  - React-RCTBlob (0.61.5):
    - React-Core/RCTBlobHeaders (= 0.61.5)
    - React-Core/RCTWebSocket (= 0.61.5)
    - React-jsi (= 0.61.5)
    - React-RCTNetwork (= 0.61.5)
  - React-RCTImage (0.61.5):
    - React-Core/RCTImageHeaders (= 0.61.5)
    - React-RCTNetwork (= 0.61.5)
  - React-RCTLinking (0.61.5):
    - React-Core/RCTLinkingHeaders (= 0.61.5)
  - React-RCTNetwork (0.61.5):
    - React-Core/RCTNetworkHeaders (= 0.61.5)
  - React-RCTSettings (0.61.5):
    - React-Core/RCTSettingsHeaders (= 0.61.5)
  - React-RCTText (0.61.5):
    - React-Core/RCTTextHeaders (= 0.61.5)
  - React-RCTVibration (0.61.5):
    - React-Core/RCTVibrationHeaders (= 0.61.5)
  - ReactCommon/jscallinvoker (0.61.5):
    - DoubleConversion
    - Folly (= 2018.10.22.00)
    - glog
    - React-cxxreact (= 0.61.5)
  - ReactCommon/turbomodule/core (0.61.5):
    - DoubleConversion
    - Folly (= 2018.10.22.00)
    - glog
    - React-Core (= 0.61.5)
    - React-cxxreact (= 0.61.5)
    - React-jsi (= 0.61.5)
    - ReactCommon/jscallinvoker (= 0.61.5)
  - ReactNativeNavigation (6.1.0):
    - React
    - React-RCTImage
    - React-RCTText
  - RNAppleAuthentication (1.1.2):
    - React
  - RNCPushNotificationIOS (1.0.7):
    - React
  - RNDeviceInfo (5.5.3):
    - React
  - RNFBAnalytics (6.3.4):
    - Firebase/Core (~> 6.13.0)
    - React
    - RNFBApp
  - RNFBApp (6.3.4):
    - Firebase/Core (~> 6.13.0)
    - React
  - RNFBMessaging (6.3.4):
    - Firebase/Messaging (~> 6.13.0)
    - React
    - RNFBApp
  - RNGoogleSignin (4.0.3):
    - GoogleSignIn (~> 5.0.0)
    - React
  - RNImageCropPicker (0.35.0):
    - React-Core
    - React-RCTImage
    - RNImageCropPicker/QBImagePickerController (= 0.35.0)
    - TOCropViewController
  - RNImageCropPicker/QBImagePickerController (0.35.0):
    - React-Core
    - React-RCTImage
    - TOCropViewController
  - RNSVG (11.0.1):
    - React
  - RNVectorIcons (6.4.2):
    - React
  - TOCropViewController (2.5.5)
  - Yoga (1.14.0)

DEPENDENCIES:
  - BugsnagReactNative (from `../node_modules/bugsnag-react-native`)
  - BVLinearGradient (from `../node_modules/react-native-linear-gradient`)
  - DoubleConversion (from `../node_modules/react-native/third-party-podspecs/DoubleConversion.podspec`)
  - FBLazyVector (from `../node_modules/react-native/Libraries/FBLazyVector`)
  - FBReactNativeSpec (from `../node_modules/react-native/Libraries/FBReactNativeSpec`)
  - Folly (from `../node_modules/react-native/third-party-podspecs/Folly.podspec`)
  - glog (from `../node_modules/react-native/third-party-podspecs/glog.podspec`)
  - Google-Maps-iOS-Utils
  - GoogleMaps
  - lottie-ios (from `../node_modules/lottie-ios`)
  - lottie-react-native (from `../node_modules/lottie-react-native`)
  - RCTRequired (from `../node_modules/react-native/Libraries/RCTRequired`)
  - RCTTypeSafety (from `../node_modules/react-native/Libraries/TypeSafety`)
  - React (from `../node_modules/react-native`)
  - React-Core (from `../node_modules/react-native/`)
  - React-Core/DevSupport (from `../node_modules/react-native/`)
  - React-Core/RCTWebSocket (from `../node_modules/react-native/`)
  - React-CoreModules (from `../node_modules/react-native/React/CoreModules`)
  - React-cxxreact (from `../node_modules/react-native/ReactCommon/cxxreact`)
  - React-jsi (from `../node_modules/react-native/ReactCommon/jsi`)
  - React-jsiexecutor (from `../node_modules/react-native/ReactCommon/jsiexecutor`)
  - React-jsinspector (from `../node_modules/react-native/ReactCommon/jsinspector`)
  - "react-native-cookies (from `../node_modules/@react-native-community/cookies`)"
  - react-native-fbsdk (from `../node_modules/react-native-fbsdk`)
  - "react-native-geolocation (from `../node_modules/@react-native-community/geolocation`)"
  - react-native-google-maps (from `../node_modules/react-native-maps`)
  - react-native-image-picker (from `../node_modules/react-native-image-picker`)
  - react-native-maps (from `../node_modules/react-native-maps`)
  - react-native-notifications (from `../node_modules/react-native-notifications`)
  - "react-native-progress-view (from `../node_modules/@react-native-community/progress-view`)"
  - react-native-splash-screen (from `../node_modules/react-native-splash-screen`)
  - react-native-webview (from `../node_modules/react-native-webview`)
  - React-RCTActionSheet (from `../node_modules/react-native/Libraries/ActionSheetIOS`)
  - React-RCTAnimation (from `../node_modules/react-native/Libraries/NativeAnimation`)
  - React-RCTBlob (from `../node_modules/react-native/Libraries/Blob`)
  - React-RCTImage (from `../node_modules/react-native/Libraries/Image`)
  - React-RCTLinking (from `../node_modules/react-native/Libraries/LinkingIOS`)
  - React-RCTNetwork (from `../node_modules/react-native/Libraries/Network`)
  - React-RCTSettings (from `../node_modules/react-native/Libraries/Settings`)
  - React-RCTText (from `../node_modules/react-native/Libraries/Text`)
  - React-RCTVibration (from `../node_modules/react-native/Libraries/Vibration`)
  - ReactCommon/jscallinvoker (from `../node_modules/react-native/ReactCommon`)
  - ReactCommon/turbomodule/core (from `../node_modules/react-native/ReactCommon`)
  - ReactNativeNavigation (from `../node_modules/react-native-navigation`)
  - "RNAppleAuthentication (from `../node_modules/@invertase/react-native-apple-authentication`)"
  - "RNCPushNotificationIOS (from `../node_modules/@react-native-community/push-notification-ios`)"
  - RNDeviceInfo (from `../node_modules/react-native-device-info`)
  - "RNFBAnalytics (from `../node_modules/@react-native-firebase/analytics`)"
  - "RNFBApp (from `../node_modules/@react-native-firebase/app`)"
  - "RNFBMessaging (from `../node_modules/@react-native-firebase/messaging`)"
  - "RNGoogleSignin (from `../node_modules/@react-native-community/google-signin`)"
  - RNImageCropPicker (from `../node_modules/react-native-image-crop-picker`)
  - RNSVG (from `../node_modules/react-native-svg`)
  - RNVectorIcons (from `../node_modules/react-native-vector-icons`)
  - Yoga (from `../node_modules/react-native/ReactCommon/yoga`)

SPEC REPOS:
  trunk:
    - AppAuth
    - boost-for-react-native
    - FBSDKCoreKit
    - FBSDKLoginKit
    - FBSDKShareKit
    - Firebase
    - FirebaseAnalytics
    - FirebaseAnalyticsInterop
    - FirebaseCore
    - FirebaseCoreDiagnostics
    - FirebaseCoreDiagnosticsInterop
    - FirebaseInstanceID
    - FirebaseMessaging
    - Google-Maps-iOS-Utils
    - GoogleAppMeasurement
    - GoogleDataTransport
    - GoogleDataTransportCCTSupport
    - GoogleMaps
    - GoogleSignIn
    - GoogleUtilities
    - GTMAppAuth
    - GTMSessionFetcher
    - nanopb
    - PromisesObjC
    - Protobuf
    - TOCropViewController

EXTERNAL SOURCES:
  BugsnagReactNative:
    :path: "../node_modules/bugsnag-react-native"
  BVLinearGradient:
    :path: "../node_modules/react-native-linear-gradient"
  DoubleConversion:
    :podspec: "../node_modules/react-native/third-party-podspecs/DoubleConversion.podspec"
  FBLazyVector:
    :path: "../node_modules/react-native/Libraries/FBLazyVector"
  FBReactNativeSpec:
    :path: "../node_modules/react-native/Libraries/FBReactNativeSpec"
  Folly:
    :podspec: "../node_modules/react-native/third-party-podspecs/Folly.podspec"
  glog:
    :podspec: "../node_modules/react-native/third-party-podspecs/glog.podspec"
  lottie-ios:
    :path: "../node_modules/lottie-ios"
  lottie-react-native:
    :path: "../node_modules/lottie-react-native"
  RCTRequired:
    :path: "../node_modules/react-native/Libraries/RCTRequired"
  RCTTypeSafety:
    :path: "../node_modules/react-native/Libraries/TypeSafety"
  React:
    :path: "../node_modules/react-native"
  React-Core:
    :path: "../node_modules/react-native/"
  React-CoreModules:
    :path: "../node_modules/react-native/React/CoreModules"
  React-cxxreact:
    :path: "../node_modules/react-native/ReactCommon/cxxreact"
  React-jsi:
    :path: "../node_modules/react-native/ReactCommon/jsi"
  React-jsiexecutor:
    :path: "../node_modules/react-native/ReactCommon/jsiexecutor"
  React-jsinspector:
    :path: "../node_modules/react-native/ReactCommon/jsinspector"
  react-native-cookies:
    :path: "../node_modules/@react-native-community/cookies"
  react-native-fbsdk:
    :path: "../node_modules/react-native-fbsdk"
  react-native-geolocation:
    :path: "../node_modules/@react-native-community/geolocation"
  react-native-google-maps:
    :path: "../node_modules/react-native-maps"
  react-native-image-picker:
    :path: "../node_modules/react-native-image-picker"
  react-native-maps:
    :path: "../node_modules/react-native-maps"
  react-native-notifications:
    :path: "../node_modules/react-native-notifications"
  react-native-progress-view:
    :path: "../node_modules/@react-native-community/progress-view"
  react-native-splash-screen:
    :path: "../node_modules/react-native-splash-screen"
  react-native-webview:
    :path: "../node_modules/react-native-webview"
  React-RCTActionSheet:
    :path: "../node_modules/react-native/Libraries/ActionSheetIOS"
  React-RCTAnimation:
    :path: "../node_modules/react-native/Libraries/NativeAnimation"
  React-RCTBlob:
    :path: "../node_modules/react-native/Libraries/Blob"
  React-RCTImage:
    :path: "../node_modules/react-native/Libraries/Image"
  React-RCTLinking:
    :path: "../node_modules/react-native/Libraries/LinkingIOS"
  React-RCTNetwork:
    :path: "../node_modules/react-native/Libraries/Network"
  React-RCTSettings:
    :path: "../node_modules/react-native/Libraries/Settings"
  React-RCTText:
    :path: "../node_modules/react-native/Libraries/Text"
  React-RCTVibration:
    :path: "../node_modules/react-native/Libraries/Vibration"
  ReactCommon:
    :path: "../node_modules/react-native/ReactCommon"
  ReactNativeNavigation:
    :path: "../node_modules/react-native-navigation"
  RNAppleAuthentication:
    :path: "../node_modules/@invertase/react-native-apple-authentication"
  RNCPushNotificationIOS:
    :path: "../node_modules/@react-native-community/push-notification-ios"
  RNDeviceInfo:
    :path: "../node_modules/react-native-device-info"
  RNFBAnalytics:
    :path: "../node_modules/@react-native-firebase/analytics"
  RNFBApp:
    :path: "../node_modules/@react-native-firebase/app"
  RNFBMessaging:
    :path: "../node_modules/@react-native-firebase/messaging"
  RNGoogleSignin:
    :path: "../node_modules/@react-native-community/google-signin"
  RNImageCropPicker:
    :path: "../node_modules/react-native-image-crop-picker"
  RNSVG:
    :path: "../node_modules/react-native-svg"
  RNVectorIcons:
    :path: "../node_modules/react-native-vector-icons"
  Yoga:
    :path: "../node_modules/react-native/ReactCommon/yoga"

SPEC CHECKSUMS:
  AppAuth: 31bcec809a638d7bd2f86ea8a52bd45f6e81e7c7
  boost-for-react-native: 39c7adb57c4e60d6c5479dd8623128eb5b3f0f2c
  BugsnagReactNative: 76ba231ece009a6fad369f18d89779ab75cc1c7d
  BVLinearGradient: e3aad03778a456d77928f594a649e96995f1c872
  DoubleConversion: 5805e889d232975c086db112ece9ed034df7a0b2
  FBLazyVector: aaeaf388755e4f29cd74acbc9e3b8da6d807c37f
  FBReactNativeSpec: 118d0d177724c2d67f08a59136eb29ef5943ec75
  FBSDKCoreKit: 78929d105d244f8fddfe03c44afc55d97ec12e9f
  FBSDKLoginKit: 5536004bb84805391e7d089508386c3dba02128d
  FBSDKShareKit: 9d1d2dd0089a29c1ee5081977dd3b70d8116bc24
  Firebase: 458d109512200d1aca2e1b9b6cf7d68a869a4a46
  FirebaseAnalytics: 45f36d9c429fc91d206283900ab75390cd05ee8a
  FirebaseAnalyticsInterop: 3f86269c38ae41f47afeb43ebf32a001f58fcdae
  FirebaseCore: 307ea2508df730c5865334e41965bd9ea344b0e5
  FirebaseCoreDiagnostics: b59c024493a409f8aecba02c99928d0d8431d159
  FirebaseCoreDiagnosticsInterop: 296e2c5f5314500a850ad0b83e9e7c10b011a850
  FirebaseInstanceID: ebd2ea79ee38db0cb5f5167b17a0d387e1cc7b6e
  FirebaseMessaging: 089b7a4991425783384acc8bcefcd78c0af913bd
  Folly: 30e7936e1c45c08d884aa59369ed951a8e68cf51
  glog: 1f3da668190260b06b429bb211bfbee5cd790c28
  Google-Maps-iOS-Utils: c32891ff472eaaa1fca032beedafa1a013af7875
  GoogleAppMeasurement: dfe55efa543e899d906309eaaac6ca26d249862f
  GoogleDataTransport: 9a8a16f79feffc7f42096743de2a7c4815e84020
  GoogleDataTransportCCTSupport: 0f39025e8cf51f168711bd3fb773938d7e62ddb5
  GoogleMaps: 5046d7edfe381c1a0b20fdaf293915a375c3122b
  GoogleSignIn: 7137d297ddc022a7e0aa4619c86d72c909fa7213
  GoogleUtilities: 39530bc0ad980530298e9c4af8549e991fd033b1
  GTMAppAuth: 4deac854479704f348309e7b66189e604cf5e01e
  GTMSessionFetcher: 6f5c8abbab8a9bce4bb3f057e317728ec6182b10
  lottie-ios: 85ce835dd8c53e02509f20729fc7d6a4e6645a0a
  lottie-react-native: 2a1a82bb326ae51331a5520de0cf706733c6db69
  nanopb: 18003b5e52dab79db540fe93fe9579f399bd1ccd
  PromisesObjC: b48e0338dbbac2207e611750777895f7a5811b75
  Protobuf: 2793fcd0622a00b546c60e7cbbcc493e043e9bb9
  RCTRequired: b153add4da6e7dbc44aebf93f3cf4fcae392ddf1
  RCTTypeSafety: 9aa1b91d7f9310fc6eadc3cf95126ffe818af320
  React: b6a59ef847b2b40bb6e0180a97d0ca716969ac78
  React-Core: 688b451f7d616cc1134ac95295b593d1b5158a04
  React-CoreModules: d04f8494c1a328b69ec11db9d1137d667f916dcb
  React-cxxreact: d0f7bcafa196ae410e5300736b424455e7fb7ba7
  React-jsi: cb2cd74d7ccf4cffb071a46833613edc79cdf8f7
  React-jsiexecutor: d5525f9ed5f782fdbacb64b9b01a43a9323d2386
  React-jsinspector: fa0ecc501688c3c4c34f28834a76302233e29dc0
  react-native-cookies: 6fe6a70d3b2fd8e81ddcd94d60a87727010d9b2e
  react-native-fbsdk: 00c15d138bba6d4efa628670886fc58cec858c19
  react-native-geolocation: cbd9d6bd06bac411eed2671810f454d4908484a8
  react-native-google-maps: 2e2e697dab576abd5809d78cd74e775865b62bf7
  react-native-image-picker: fd93361c666f397bdf72f9c6c23f13d2685b9173
  react-native-maps: 6e499eee4eabf422ba8b6f94e993cc768bf35153
  react-native-notifications: b2b8298247d7c5f4f41eb5f3b081fc2dfb0956d0
  react-native-progress-view: 7dada4b26e6996935a9dde876eb4ba49c0cb49bc
  react-native-splash-screen: 200d11d188e2e78cea3ad319964f6142b6384865
  react-native-webview: 055c7110f17c2f19c971f655064ee480638db668
  React-RCTActionSheet: 600b4d10e3aea0913b5a92256d2719c0cdd26d76
  React-RCTAnimation: 791a87558389c80908ed06cc5dfc5e7920dfa360
  React-RCTBlob: d89293cc0236d9cb0933d85e430b0bbe81ad1d72
  React-RCTImage: 6b8e8df449eb7c814c99a92d6b52de6fe39dea4e
  React-RCTLinking: 121bb231c7503cf9094f4d8461b96a130fabf4a5
  React-RCTNetwork: fb353640aafcee84ca8b78957297bd395f065c9a
  React-RCTSettings: 8db258ea2a5efee381fcf7a6d5044e2f8b68b640
  React-RCTText: 9ccc88273e9a3aacff5094d2175a605efa854dbe
  React-RCTVibration: a49a1f42bf8f5acf1c3e297097517c6b3af377ad
  ReactCommon: 198c7c8d3591f975e5431bec1b0b3b581aa1c5dd
  ReactNativeNavigation: c0e82ff2a99ffc35d4c99046c97d1ff8674c2a33
  RNAppleAuthentication: 473b2c076f1a48a537610580a168c1fb6d0a90c6
  RNCPushNotificationIOS: 107404643700c0a0db042fa6058e5e2a4c16bc6e
  RNDeviceInfo: 67607dfe9cfbed105838144c40187a8392aa404d
  RNFBAnalytics: b8bad44e6653af73219b1a7af24bf3452cb02c1b
  RNFBApp: 7d4006751de8bb5cafa2e8d2e7d94ee250df81db
  RNFBMessaging: 51cc7f6beaf4c4feac6f18ea941bba5854e3d9c6
  RNGoogleSignin: ccf71ee4b6cfd324fd788a41e457e2043838c0d9
  RNImageCropPicker: 89352ad050ea8dd9bc1728802c477f5b38cd7b4c
  RNSVG: 67f1f12dae2cef6ed59a42cae74a6b8f5a9e7b46
  RNVectorIcons: 6607bd3a30291d0edb56f9bbe7ae411ee2b928b0
  TOCropViewController: da59f531f8ac8a94ef6d6c0fc34009350f9e8bfe
  Yoga: f2a7cd4280bfe2cca5a7aed98ba0eb3d1310f18b

PODFILE CHECKSUM: d03f21bcfaf37457a90bc1339379ec3e7c6db484

COCOAPODS: 1.10.0
